// !$*UTF8*$!
{
	archiveVersion = 1;
	classes = {
	};
	objectVersion = 51;
	objects = {

/* Begin PBXBuildFile section */
		110F969D2717D6A700344B59 /* amplifyconfiguration.json in Resources */ = {isa = PBXBuildFile; fileRef = 110F969B2717D6A700344B59 /* amplifyconfiguration.json */; };
		110F969E2717D6A700344B59 /* awsconfiguration.json in Resources */ = {isa = PBXBuildFile; fileRef = 110F969C2717D6A700344B59 /* awsconfiguration.json */; };
		110F96A02717D6F700344B59 /* Backend.swift in Sources */ = {isa = PBXBuildFile; fileRef = 110F969F2717D6F700344B59 /* Backend.swift */; };
		110F96AA2717F38900344B59 /* AmplifyModels.swift in Sources */ = {isa = PBXBuildFile; fileRef = 110F96A32717F38900344B59 /* AmplifyModels.swift */; };
		110F96AB2717F38900344B59 /* TestData.swift in Sources */ = {isa = PBXBuildFile; fileRef = 110F96A42717F38900344B59 /* TestData.swift */; };
		110F96AC2717F38900344B59 /* Note+Schema.swift in Sources */ = {isa = PBXBuildFile; fileRef = 110F96A52717F38900344B59 /* Note+Schema.swift */; };
		110F96AD2717F38900344B59 /* TestData+Schema.swift in Sources */ = {isa = PBXBuildFile; fileRef = 110F96A62717F38900344B59 /* TestData+Schema.swift */; };
		110F96AE2717F38900344B59 /* Note.swift in Sources */ = {isa = PBXBuildFile; fileRef = 110F96A72717F38900344B59 /* Note.swift */; };
		110F96AF2717F38900344B59 /* Task+Schema.swift in Sources */ = {isa = PBXBuildFile; fileRef = 110F96A82717F38900344B59 /* Task+Schema.swift */; };
		110F96B02717F38900344B59 /* Task.swift in Sources */ = {isa = PBXBuildFile; fileRef = 110F96A92717F38900344B59 /* Task.swift */; };
		110F96B22717FA2E00344B59 /* Extension.swift in Sources */ = {isa = PBXBuildFile; fileRef = 110F96B12717FA2E00344B59 /* Extension.swift */; };
		1124BEC9272316A600C6B226 /* DeviceData.swift in Sources */ = {isa = PBXBuildFile; fileRef = 1124BEC8272316A600C6B226 /* DeviceData.swift */; };
		116495E8D51712F32BBF3E38 /* Pods_IoT_Anomaly_Detector.framework in Frameworks */ = {isa = PBXBuildFile; fileRef = 41C86D4B899FE11990EFE2D9 /* Pods_IoT_Anomaly_Detector.framework */; };
		9CA6707E2706D33C00BD9D1E /* IoT_Anomaly_DetectorApp.swift in Sources */ = {isa = PBXBuildFile; fileRef = 9CA6707D2706D33C00BD9D1E /* IoT_Anomaly_DetectorApp.swift */; };
		9CA670802706D33C00BD9D1E /* ContentView.swift in Sources */ = {isa = PBXBuildFile; fileRef = 9CA6707F2706D33C00BD9D1E /* ContentView.swift */; };
		9CA670822706D34200BD9D1E /* Assets.xcassets in Resources */ = {isa = PBXBuildFile; fileRef = 9CA670812706D34200BD9D1E /* Assets.xcassets */; };
		9CA670852706D34200BD9D1E /* Preview Assets.xcassets in Resources */ = {isa = PBXBuildFile; fileRef = 9CA670842706D34200BD9D1E /* Preview Assets.xcassets */; };
		9CA6709A2710F35800BD9D1E /* TestDataViewModel.swift in Sources */ = {isa = PBXBuildFile; fileRef = 9CA670992710F35800BD9D1E /* TestDataViewModel.swift */; };
/* End PBXBuildFile section */

/* Begin PBXFileReference section */
		110F969B2717D6A700344B59 /* amplifyconfiguration.json */ = {isa = PBXFileReference; fileEncoding = 4; lastKnownFileType = text.json; path = amplifyconfiguration.json; sourceTree = "<group>"; };
		110F969C2717D6A700344B59 /* awsconfiguration.json */ = {isa = PBXFileReference; fileEncoding = 4; lastKnownFileType = text.json; path = awsconfiguration.json; sourceTree = "<group>"; };
		110F969F2717D6F700344B59 /* Backend.swift */ = {isa = PBXFileReference; lastKnownFileType = sourcecode.swift; path = Backend.swift; sourceTree = "<group>"; };
		110F96A32717F38900344B59 /* AmplifyModels.swift */ = {isa = PBXFileReference; fileEncoding = 4; lastKnownFileType = sourcecode.swift; path = AmplifyModels.swift; sourceTree = "<group>"; };
		110F96A42717F38900344B59 /* TestData.swift */ = {isa = PBXFileReference; fileEncoding = 4; lastKnownFileType = sourcecode.swift; path = TestData.swift; sourceTree = "<group>"; };
		110F96A52717F38900344B59 /* Note+Schema.swift */ = {isa = PBXFileReference; fileEncoding = 4; lastKnownFileType = sourcecode.swift; path = "Note+Schema.swift"; sourceTree = "<group>"; };
		110F96A62717F38900344B59 /* TestData+Schema.swift */ = {isa = PBXFileReference; fileEncoding = 4; lastKnownFileType = sourcecode.swift; path = "TestData+Schema.swift"; sourceTree = "<group>"; };
		110F96A72717F38900344B59 /* Note.swift */ = {isa = PBXFileReference; fileEncoding = 4; lastKnownFileType = sourcecode.swift; path = Note.swift; sourceTree = "<group>"; };
		110F96A82717F38900344B59 /* Task+Schema.swift */ = {isa = PBXFileReference; fileEncoding = 4; lastKnownFileType = sourcecode.swift; path = "Task+Schema.swift"; sourceTree = "<group>"; };
		110F96A92717F38900344B59 /* Task.swift */ = {isa = PBXFileReference; fileEncoding = 4; lastKnownFileType = sourcecode.swift; path = Task.swift; sourceTree = "<group>"; };
		110F96B12717FA2E00344B59 /* Extension.swift */ = {isa = PBXFileReference; lastKnownFileType = sourcecode.swift; path = Extension.swift; sourceTree = "<group>"; };
		1124BEC8272316A600C6B226 /* DeviceData.swift */ = {isa = PBXFileReference; lastKnownFileType = sourcecode.swift; path = DeviceData.swift; sourceTree = "<group>"; };
		41C86D4B899FE11990EFE2D9 /* Pods_IoT_Anomaly_Detector.framework */ = {isa = PBXFileReference; explicitFileType = wrapper.framework; includeInIndex = 0; path = Pods_IoT_Anomaly_Detector.framework; sourceTree = BUILT_PRODUCTS_DIR; };
		88C33EC4F8715F73E70F665D /* Pods-IoT Anomaly Detector.debug.xcconfig */ = {isa = PBXFileReference; includeInIndex = 1; lastKnownFileType = text.xcconfig; name = "Pods-IoT Anomaly Detector.debug.xcconfig"; path = "Target Support Files/Pods-IoT Anomaly Detector/Pods-IoT Anomaly Detector.debug.xcconfig"; sourceTree = "<group>"; };
		9CA6707A2706D33C00BD9D1E /* IoT Anomaly Detector.app */ = {isa = PBXFileReference; explicitFileType = wrapper.application; includeInIndex = 0; path = "IoT Anomaly Detector.app"; sourceTree = BUILT_PRODUCTS_DIR; };
		9CA6707D2706D33C00BD9D1E /* IoT_Anomaly_DetectorApp.swift */ = {isa = PBXFileReference; lastKnownFileType = sourcecode.swift; path = IoT_Anomaly_DetectorApp.swift; sourceTree = "<group>"; };
		9CA6707F2706D33C00BD9D1E /* ContentView.swift */ = {isa = PBXFileReference; lastKnownFileType = sourcecode.swift; path = ContentView.swift; sourceTree = "<group>"; };
		9CA670812706D34200BD9D1E /* Assets.xcassets */ = {isa = PBXFileReference; lastKnownFileType = folder.assetcatalog; path = Assets.xcassets; sourceTree = "<group>"; };
		9CA670842706D34200BD9D1E /* Preview Assets.xcassets */ = {isa = PBXFileReference; lastKnownFileType = folder.assetcatalog; path = "Preview Assets.xcassets"; sourceTree = "<group>"; };
		9CA670862706D34200BD9D1E /* Info.plist */ = {isa = PBXFileReference; lastKnownFileType = text.plist.xml; path = Info.plist; sourceTree = "<group>"; };
		9CA670992710F35800BD9D1E /* TestDataViewModel.swift */ = {isa = PBXFileReference; lastKnownFileType = sourcecode.swift; path = TestDataViewModel.swift; sourceTree = "<group>"; };
		C33C278567B8720E75A63C40 /* Pods-IoT Anomaly Detector.release.xcconfig */ = {isa = PBXFileReference; includeInIndex = 1; lastKnownFileType = text.xcconfig; name = "Pods-IoT Anomaly Detector.release.xcconfig"; path = "Target Support Files/Pods-IoT Anomaly Detector/Pods-IoT Anomaly Detector.release.xcconfig"; sourceTree = "<group>"; };
/* End PBXFileReference section */

/* Begin PBXFrameworksBuildPhase section */
		9CA670772706D33C00BD9D1E /* Frameworks */ = {
			isa = PBXFrameworksBuildPhase;
			buildActionMask = 2147483647;
			files = (
				116495E8D51712F32BBF3E38 /* Pods_IoT_Anomaly_Detector.framework in Frameworks */,
			);
			runOnlyForDeploymentPostprocessing = 0;
		};
/* End PBXFrameworksBuildPhase section */

/* Begin PBXGroup section */
		110F96A12717F38900344B59 /* generated */ = {
			isa = PBXGroup;
			children = (
				110F96A22717F38900344B59 /* models */,
			);
			name = generated;
			path = amplify/generated;
			sourceTree = SOURCE_ROOT;
		};
		110F96A22717F38900344B59 /* models */ = {
			isa = PBXGroup;
			children = (
				110F96A32717F38900344B59 /* AmplifyModels.swift */,
				110F96A42717F38900344B59 /* TestData.swift */,
				110F96A52717F38900344B59 /* Note+Schema.swift */,
				110F96A62717F38900344B59 /* TestData+Schema.swift */,
				110F96A72717F38900344B59 /* Note.swift */,
				110F96A82717F38900344B59 /* Task+Schema.swift */,
				110F96A92717F38900344B59 /* Task.swift */,
			);
			path = models;
			sourceTree = "<group>";
		};
		4A47E4C256E601ED4FFFB1DB /* Pods */ = {
			isa = PBXGroup;
			children = (
				88C33EC4F8715F73E70F665D /* Pods-IoT Anomaly Detector.debug.xcconfig */,
				C33C278567B8720E75A63C40 /* Pods-IoT Anomaly Detector.release.xcconfig */,
			);
			path = Pods;
			sourceTree = "<group>";
		};
		9CA670712706D33C00BD9D1E = {
			isa = PBXGroup;
			children = (
				110F969B2717D6A700344B59 /* amplifyconfiguration.json */,
				110F969C2717D6A700344B59 /* awsconfiguration.json */,
				9CA6707C2706D33C00BD9D1E /* IoT Anomaly Detector */,
				9CA6707B2706D33C00BD9D1E /* Products */,
				4A47E4C256E601ED4FFFB1DB /* Pods */,
				F9BF3AC5EB83379BA86F1DAE /* Frameworks */,
			);
			sourceTree = "<group>";
		};
		9CA6707B2706D33C00BD9D1E /* Products */ = {
			isa = PBXGroup;
			children = (
				9CA6707A2706D33C00BD9D1E /* IoT Anomaly Detector.app */,
			);
			name = Products;
			sourceTree = "<group>";
		};
		9CA6707C2706D33C00BD9D1E /* IoT Anomaly Detector */ = {
			isa = PBXGroup;
			children = (
				110F96A12717F38900344B59 /* generated */,
				9CA6707D2706D33C00BD9D1E /* IoT_Anomaly_DetectorApp.swift */,
				9CA6707F2706D33C00BD9D1E /* ContentView.swift */,
				9CA670812706D34200BD9D1E /* Assets.xcassets */,
				9CA670862706D34200BD9D1E /* Info.plist */,
				9CA670832706D34200BD9D1E /* Preview Content */,
				9CA670992710F35800BD9D1E /* TestDataViewModel.swift */,
				110F969F2717D6F700344B59 /* Backend.swift */,
				110F96B12717FA2E00344B59 /* Extension.swift */,
				1124BEC8272316A600C6B226 /* DeviceData.swift */,
			);
			path = "IoT Anomaly Detector";
			sourceTree = "<group>";
		};
		9CA670832706D34200BD9D1E /* Preview Content */ = {
			isa = PBXGroup;
			children = (
				9CA670842706D34200BD9D1E /* Preview Assets.xcassets */,
			);
			path = "Preview Content";
			sourceTree = "<group>";
		};
		F9BF3AC5EB83379BA86F1DAE /* Frameworks */ = {
			isa = PBXGroup;
			children = (
				41C86D4B899FE11990EFE2D9 /* Pods_IoT_Anomaly_Detector.framework */,
			);
			name = Frameworks;
			sourceTree = "<group>";
		};
/* End PBXGroup section */

/* Begin PBXNativeTarget section */
		9CA670792706D33C00BD9D1E /* IoT Anomaly Detector */ = {
			isa = PBXNativeTarget;
			buildConfigurationList = 9CA670892706D34200BD9D1E /* Build configuration list for PBXNativeTarget "IoT Anomaly Detector" */;
			buildPhases = (
				611F53E0AD282306761CD717 /* [CP] Check Pods Manifest.lock */,
				9CA670762706D33C00BD9D1E /* Sources */,
				9CA670772706D33C00BD9D1E /* Frameworks */,
				9CA670782706D33C00BD9D1E /* Resources */,
				56F9433570649D30F63366A6 /* [CP] Embed Pods Frameworks */,
			);
			buildRules = (
			);
			dependencies = (
			);
			name = "IoT Anomaly Detector";
			packageProductDependencies = (
			);
			productName = "IoT Anomaly Detector";
			productReference = 9CA6707A2706D33C00BD9D1E /* IoT Anomaly Detector.app */;
			productType = "com.apple.product-type.application";
		};
/* End PBXNativeTarget section */

/* Begin PBXProject section */
		9CA670722706D33C00BD9D1E /* Project object */ = {
			isa = PBXProject;
			attributes = {
				LastSwiftUpdateCheck = 1250;
				LastUpgradeCheck = 1250;
				TargetAttributes = {
					9CA670792706D33C00BD9D1E = {
						CreatedOnToolsVersion = 12.5.1;
					};
				};
			};
			buildConfigurationList = 9CA670752706D33C00BD9D1E /* Build configuration list for PBXProject "IoT Anomaly Detector" */;
			compatibilityVersion = "Xcode 9.3";
			developmentRegion = en;
			hasScannedForEncodings = 0;
			knownRegions = (
				en,
				Base,
			);
			mainGroup = 9CA670712706D33C00BD9D1E;
			packageReferences = (
			);
			productRefGroup = 9CA6707B2706D33C00BD9D1E /* Products */;
			projectDirPath = "";
			projectRoot = "";
			targets = (
				9CA670792706D33C00BD9D1E /* IoT Anomaly Detector */,
			);
		};
/* End PBXProject section */

/* Begin PBXResourcesBuildPhase section */
		9CA670782706D33C00BD9D1E /* Resources */ = {
			isa = PBXResourcesBuildPhase;
			buildActionMask = 2147483647;
			files = (
				110F969E2717D6A700344B59 /* awsconfiguration.json in Resources */,
				9CA670852706D34200BD9D1E /* Preview Assets.xcassets in Resources */,
				110F969D2717D6A700344B59 /* amplifyconfiguration.json in Resources */,
				9CA670822706D34200BD9D1E /* Assets.xcassets in Resources */,
			);
			runOnlyForDeploymentPostprocessing = 0;
		};
/* End PBXResourcesBuildPhase section */

/* Begin PBXShellScriptBuildPhase section */
		56F9433570649D30F63366A6 /* [CP] Embed Pods Frameworks */ = {
			isa = PBXShellScriptBuildPhase;
			buildActionMask = 2147483647;
			files = (
			);
			inputFileListPaths = (
				"${PODS_ROOT}/Target Support Files/Pods-IoT Anomaly Detector/Pods-IoT Anomaly Detector-frameworks-${CONFIGURATION}-input-files.xcfilelist",
			);
			name = "[CP] Embed Pods Frameworks";
			outputFileListPaths = (
				"${PODS_ROOT}/Target Support Files/Pods-IoT Anomaly Detector/Pods-IoT Anomaly Detector-frameworks-${CONFIGURATION}-output-files.xcfilelist",
			);
			runOnlyForDeploymentPostprocessing = 0;
			shellPath = /bin/sh;
			shellScript = "\"${PODS_ROOT}/Target Support Files/Pods-IoT Anomaly Detector/Pods-IoT Anomaly Detector-frameworks.sh\"\n";
			showEnvVarsInLog = 0;
		};
		611F53E0AD282306761CD717 /* [CP] Check Pods Manifest.lock */ = {
			isa = PBXShellScriptBuildPhase;
			buildActionMask = 2147483647;
			files = (
			);
			inputFileListPaths = (
			);
			inputPaths = (
				"${PODS_PODFILE_DIR_PATH}/Podfile.lock",
				"${PODS_ROOT}/Manifest.lock",
			);
			name = "[CP] Check Pods Manifest.lock";
			outputFileListPaths = (
			);
			outputPaths = (
				"$(DERIVED_FILE_DIR)/Pods-IoT Anomaly Detector-checkManifestLockResult.txt",
			);
			runOnlyForDeploymentPostprocessing = 0;
			shellPath = /bin/sh;
			shellScript = "diff \"${PODS_PODFILE_DIR_PATH}/Podfile.lock\" \"${PODS_ROOT}/Manifest.lock\" > /dev/null\nif [ $? != 0 ] ; then\n    # print error to STDERR\n    echo \"error: The sandbox is not in sync with the Podfile.lock. Run 'pod install' or update your CocoaPods installation.\" >&2\n    exit 1\nfi\n# This output is used by Xcode 'outputs' to avoid re-running this script phase.\necho \"SUCCESS\" > \"${SCRIPT_OUTPUT_FILE_0}\"\n";
			showEnvVarsInLog = 0;
		};
/* End PBXShellScriptBuildPhase section */

/* Begin PBXSourcesBuildPhase section */
		9CA670762706D33C00BD9D1E /* Sources */ = {
			isa = PBXSourcesBuildPhase;
			buildActionMask = 2147483647;
			files = (
				9CA6709A2710F35800BD9D1E /* TestDataViewModel.swift in Sources */,
				9CA670802706D33C00BD9D1E /* ContentView.swift in Sources */,
				9CA6707E2706D33C00BD9D1E /* IoT_Anomaly_DetectorApp.swift in Sources */,
				110F96B22717FA2E00344B59 /* Extension.swift in Sources */,
				110F96B02717F38900344B59 /* Task.swift in Sources */,
				110F96AA2717F38900344B59 /* AmplifyModels.swift in Sources */,
				110F96AE2717F38900344B59 /* Note.swift in Sources */,
				110F96AB2717F38900344B59 /* TestData.swift in Sources */,
				110F96AD2717F38900344B59 /* TestData+Schema.swift in Sources */,
				110F96AF2717F38900344B59 /* Task+Schema.swift in Sources */,
				1124BEC9272316A600C6B226 /* DeviceData.swift in Sources */,
				110F96AC2717F38900344B59 /* Note+Schema.swift in Sources */,
				110F96A02717D6F700344B59 /* Backend.swift in Sources */,
			);
			runOnlyForDeploymentPostprocessing = 0;
		};
/* End PBXSourcesBuildPhase section */

/* Begin XCBuildConfiguration section */
		9CA670872706D34200BD9D1E /* Debug */ = {
			isa = XCBuildConfiguration;
			buildSettings = {
				ALWAYS_SEARCH_USER_PATHS = NO;
				CLANG_ANALYZER_NONNULL = YES;
				CLANG_ANALYZER_NUMBER_OBJECT_CONVERSION = YES_AGGRESSIVE;
				CLANG_CXX_LANGUAGE_STANDARD = "gnu++14";
				CLANG_CXX_LIBRARY = "libc++";
				CLANG_ENABLE_MODULES = YES;
				CLANG_ENABLE_OBJC_ARC = YES;
				CLANG_ENABLE_OBJC_WEAK = YES;
				CLANG_WARN_BLOCK_CAPTURE_AUTORELEASING = YES;
				CLANG_WARN_BOOL_CONVERSION = YES;
				CLANG_WARN_COMMA = YES;
				CLANG_WARN_CONSTANT_CONVERSION = YES;
				CLANG_WARN_DEPRECATED_OBJC_IMPLEMENTATIONS = YES;
				CLANG_WARN_DIRECT_OBJC_ISA_USAGE = YES_ERROR;
				CLANG_WARN_DOCUMENTATION_COMMENTS = YES;
				CLANG_WARN_EMPTY_BODY = YES;
				CLANG_WARN_ENUM_CONVERSION = YES;
				CLANG_WARN_INFINITE_RECURSION = YES;
				CLANG_WARN_INT_CONVERSION = YES;
				CLANG_WARN_NON_LITERAL_NULL_CONVERSION = YES;
				CLANG_WARN_OBJC_IMPLICIT_RETAIN_SELF = YES;
				CLANG_WARN_OBJC_LITERAL_CONVERSION = YES;
				CLANG_WARN_OBJC_ROOT_CLASS = YES_ERROR;
				CLANG_WARN_QUOTED_INCLUDE_IN_FRAMEWORK_HEADER = YES;
				CLANG_WARN_RANGE_LOOP_ANALYSIS = YES;
				CLANG_WARN_STRICT_PROTOTYPES = YES;
				CLANG_WARN_SUSPICIOUS_MOVE = YES;
				CLANG_WARN_UNGUARDED_AVAILABILITY = YES_AGGRESSIVE;
				CLANG_WARN_UNREACHABLE_CODE = YES;
				CLANG_WARN__DUPLICATE_METHOD_MATCH = YES;
				COPY_PHASE_STRIP = NO;
				DEBUG_INFORMATION_FORMAT = dwarf;
				ENABLE_STRICT_OBJC_MSGSEND = YES;
				ENABLE_TESTABILITY = YES;
				GCC_C_LANGUAGE_STANDARD = gnu11;
				GCC_DYNAMIC_NO_PIC = NO;
				GCC_NO_COMMON_BLOCKS = YES;
				GCC_OPTIMIZATION_LEVEL = 0;
				GCC_PREPROCESSOR_DEFINITIONS = (
					"DEBUG=1",
					"$(inherited)",
				);
				GCC_WARN_64_TO_32_BIT_CONVERSION = YES;
				GCC_WARN_ABOUT_RETURN_TYPE = YES_ERROR;
				GCC_WARN_UNDECLARED_SELECTOR = YES;
				GCC_WARN_UNINITIALIZED_AUTOS = YES_AGGRESSIVE;
				GCC_WARN_UNUSED_FUNCTION = YES;
				GCC_WARN_UNUSED_VARIABLE = YES;
				IPHONEOS_DEPLOYMENT_TARGET = 14.5;
				MTL_ENABLE_DEBUG_INFO = INCLUDE_SOURCE;
				MTL_FAST_MATH = YES;
				ONLY_ACTIVE_ARCH = YES;
				SDKROOT = iphoneos;
				SWIFT_ACTIVE_COMPILATION_CONDITIONS = DEBUG;
				SWIFT_OPTIMIZATION_LEVEL = "-Onone";
			};
			name = Debug;
		};
		9CA670882706D34200BD9D1E /* Release */ = {
			isa = XCBuildConfiguration;
			buildSettings = {
				ALWAYS_SEARCH_USER_PATHS = NO;
				CLANG_ANALYZER_NONNULL = YES;
				CLANG_ANALYZER_NUMBER_OBJECT_CONVERSION = YES_AGGRESSIVE;
				CLANG_CXX_LANGUAGE_STANDARD = "gnu++14";
				CLANG_CXX_LIBRARY = "libc++";
				CLANG_ENABLE_MODULES = YES;
				CLANG_ENABLE_OBJC_ARC = YES;
				CLANG_ENABLE_OBJC_WEAK = YES;
				CLANG_WARN_BLOCK_CAPTURE_AUTORELEASING = YES;
				CLANG_WARN_BOOL_CONVERSION = YES;
				CLANG_WARN_COMMA = YES;
				CLANG_WARN_CONSTANT_CONVERSION = YES;
				CLANG_WARN_DEPRECATED_OBJC_IMPLEMENTATIONS = YES;
				CLANG_WARN_DIRECT_OBJC_ISA_USAGE = YES_ERROR;
				CLANG_WARN_DOCUMENTATION_COMMENTS = YES;
				CLANG_WARN_EMPTY_BODY = YES;
				CLANG_WARN_ENUM_CONVERSION = YES;
				CLANG_WARN_INFINITE_RECURSION = YES;
				CLANG_WARN_INT_CONVERSION = YES;
				CLANG_WARN_NON_LITERAL_NULL_CONVERSION = YES;
				CLANG_WARN_OBJC_IMPLICIT_RETAIN_SELF = YES;
				CLANG_WARN_OBJC_LITERAL_CONVERSION = YES;
				CLANG_WARN_OBJC_ROOT_CLASS = YES_ERROR;
				CLANG_WARN_QUOTED_INCLUDE_IN_FRAMEWORK_HEADER = YES;
				CLANG_WARN_RANGE_LOOP_ANALYSIS = YES;
				CLANG_WARN_STRICT_PROTOTYPES = YES;
				CLANG_WARN_SUSPICIOUS_MOVE = YES;
				CLANG_WARN_UNGUARDED_AVAILABILITY = YES_AGGRESSIVE;
				CLANG_WARN_UNREACHABLE_CODE = YES;
				CLANG_WARN__DUPLICATE_METHOD_MATCH = YES;
				COPY_PHASE_STRIP = NO;
				DEBUG_INFORMATION_FORMAT = "dwarf-with-dsym";
				ENABLE_NS_ASSERTIONS = NO;
				ENABLE_STRICT_OBJC_MSGSEND = YES;
				GCC_C_LANGUAGE_STANDARD = gnu11;
				GCC_NO_COMMON_BLOCKS = YES;
				GCC_WARN_64_TO_32_BIT_CONVERSION = YES;
				GCC_WARN_ABOUT_RETURN_TYPE = YES_ERROR;
				GCC_WARN_UNDECLARED_SELECTOR = YES;
				GCC_WARN_UNINITIALIZED_AUTOS = YES_AGGRESSIVE;
				GCC_WARN_UNUSED_FUNCTION = YES;
				GCC_WARN_UNUSED_VARIABLE = YES;
				IPHONEOS_DEPLOYMENT_TARGET = 14.5;
				MTL_ENABLE_DEBUG_INFO = NO;
				MTL_FAST_MATH = YES;
				SDKROOT = iphoneos;
				SWIFT_COMPILATION_MODE = wholemodule;
				SWIFT_OPTIMIZATION_LEVEL = "-O";
				VALIDATE_PRODUCT = YES;
			};
			name = Release;
		};
		9CA6708A2706D34200BD9D1E /* Debug */ = {
			isa = XCBuildConfiguration;
			baseConfigurationReference = 88C33EC4F8715F73E70F665D /* Pods-IoT Anomaly Detector.debug.xcconfig */;
			buildSettings = {
				ASSETCATALOG_COMPILER_APPICON_NAME = AppIcon;
				ASSETCATALOG_COMPILER_GLOBAL_ACCENT_COLOR_NAME = AccentColor;
				CODE_SIGN_STYLE = Automatic;
				DEVELOPMENT_ASSET_PATHS = "\"IoT Anomaly Detector/Preview Content\"";
				ENABLE_PREVIEWS = YES;
				INFOPLIST_FILE = "IoT Anomaly Detector/Info.plist";
				IPHONEOS_DEPLOYMENT_TARGET = 14.0;
				LD_RUNPATH_SEARCH_PATHS = (
					"$(inherited)",
					"@executable_path/Frameworks",
				);
				PRODUCT_BUNDLE_IDENTIFIER = "UTD.IoT-Anomaly-Detector";
				PRODUCT_NAME = "$(TARGET_NAME)";
				SWIFT_VERSION = 5.0;
				TARGETED_DEVICE_FAMILY = "1,2";
			};
			name = Debug;
		};
		9CA6708B2706D34200BD9D1E /* Release */ = {
			isa = XCBuildConfiguration;
			baseConfigurationReference = C33C278567B8720E75A63C40 /* Pods-IoT Anomaly Detector.release.xcconfig */;
			buildSettings = {
				ASSETCATALOG_COMPILER_APPICON_NAME = AppIcon;
				ASSETCATALOG_COMPILER_GLOBAL_ACCENT_COLOR_NAME = AccentColor;
				CODE_SIGN_STYLE = Automatic;
				DEVELOPMENT_ASSET_PATHS = "\"IoT Anomaly Detector/Preview Content\"";
				ENABLE_PREVIEWS = YES;
				INFOPLIST_FILE = "IoT Anomaly Detector/Info.plist";
				IPHONEOS_DEPLOYMENT_TARGET = 14.0;
				LD_RUNPATH_SEARCH_PATHS = (
					"$(inherited)",
					"@executable_path/Frameworks",
				);
				PRODUCT_BUNDLE_IDENTIFIER = "UTD.IoT-Anomaly-Detector";
				PRODUCT_NAME = "$(TARGET_NAME)";
				SWIFT_VERSION = 5.0;
				TARGETED_DEVICE_FAMILY = "1,2";
			};
			name = Release;
		};
/* End XCBuildConfiguration section */

/* Begin XCConfigurationList section */
		9CA670752706D33C00BD9D1E /* Build configuration list for PBXProject "IoT Anomaly Detector" */ = {
			isa = XCConfigurationList;
			buildConfigurations = (
				9CA670872706D34200BD9D1E /* Debug */,
				9CA670882706D34200BD9D1E /* Release */,
			);
			defaultConfigurationIsVisible = 0;
			defaultConfigurationName = Release;
		};
		9CA670892706D34200BD9D1E /* Build configuration list for PBXNativeTarget "IoT Anomaly Detector" */ = {
			isa = XCConfigurationList;
			buildConfigurations = (
				9CA6708A2706D34200BD9D1E /* Debug */,
				9CA6708B2706D34200BD9D1E /* Release */,
			);
			defaultConfigurationIsVisible = 0;
			defaultConfigurationName = Release;
		};
/* End XCConfigurationList section */
	};
	rootObject = 9CA670722706D33C00BD9D1E /* Project object */;
}
